
Microsoft Visual Studio Solution File, Format Version 12.00
# Visual Studio Version 17
VisualStudioVersion = 17.0.31903.59
MinimumVisualStudioVersion = 10.0.40219.1
Project("{2150E333-8FDC-42A3-9474-1A3956D46DE8}") = "src", "src", "{827E0CD3-B72D-47B6-A68D-7590B98EB39B}"
EndProject
Project("{FAE04EC0-301F-11D3-BF4B-00C04F79EFBC}") = "Orleans.SiloHost", "src\Orleans.SiloHost\Orleans.SiloHost.csproj", "{7E9C05D8-308B-4544-B443-95D3095DB01D}"
EndProject
Project("{2150E333-8FDC-42A3-9474-1A3956D46DE8}") = "Orleans.GrainInterfaces", "Orleans.GrainInterfaces", "{0C01EFA2-2C82-0F8D-0FA5-F25AA6182758}"
EndProject
Project("{FAE04EC0-301F-11D3-BF4B-00C04F79EFBC}") = "OrleansGrainInterfaces", "src\Orleans.GrainInterfaces\OrleansGrainInterfaces.csproj", "{C8CC892D-FFD7-43A5-B374-686AB98249B0}"
EndProject
Project("{FAE04EC0-301F-11D3-BF4B-00C04F79EFBC}") = "Orleans.Grains", "src\Orleans.Grains\Orleans.Grains.csproj", "{CADDBE23-D28E-4E48-AEAD-D4E8DD0A5AB0}"
EndProject
Global
	GlobalSection(SolutionConfigurationPlatforms) = preSolution
		Debug|Any CPU = Debug|Any CPU
		Debug|x64 = Debug|x64
		Debug|x86 = Debug|x86
		Release|Any CPU = Release|Any CPU
		Release|x64 = Release|x64
		Release|x86 = Release|x86
	EndGlobalSection
	GlobalSection(ProjectConfigurationPlatforms) = postSolution
		{7E9C05D8-308B-4544-B443-95D3095DB01D}.Debug|Any CPU.ActiveCfg = Debug|Any CPU
		{7E9C05D8-308B-4544-B443-95D3095DB01D}.Debug|Any CPU.Build.0 = Debug|Any CPU
		{7E9C05D8-308B-4544-B443-95D3095DB01D}.Debug|x64.ActiveCfg = Debug|Any CPU
		{7E9C05D8-308B-4544-B443-95D3095DB01D}.Debug|x64.Build.0 = Debug|Any CPU
		{7E9C05D8-308B-4544-B443-95D3095DB01D}.Debug|x86.ActiveCfg = Debug|Any CPU
		{7E9C05D8-308B-4544-B443-95D3095DB01D}.Debug|x86.Build.0 = Debug|Any CPU
		{7E9C05D8-308B-4544-B443-95D3095DB01D}.Release|Any CPU.ActiveCfg = Release|Any CPU
		{7E9C05D8-308B-4544-B443-95D3095DB01D}.Release|Any CPU.Build.0 = Release|Any CPU
		{7E9C05D8-308B-4544-B443-95D3095DB01D}.Release|x64.ActiveCfg = Release|Any CPU
		{7E9C05D8-308B-4544-B443-95D3095DB01D}.Release|x64.Build.0 = Release|Any CPU
		{7E9C05D8-308B-4544-B443-95D3095DB01D}.Release|x86.ActiveCfg = Release|Any CPU
		{7E9C05D8-308B-4544-B443-95D3095DB01D}.Release|x86.Build.0 = Release|Any CPU
		{C8CC892D-FFD7-43A5-B374-686AB98249B0}.Debug|Any CPU.ActiveCfg = Debug|Any CPU
		{C8CC892D-FFD7-43A5-B374-686AB98249B0}.Debug|Any CPU.Build.0 = Debug|Any CPU
		{C8CC892D-FFD7-43A5-B374-686AB98249B0}.Debug|x64.ActiveCfg = Debug|Any CPU
		{C8CC892D-FFD7-43A5-B374-686AB98249B0}.Debug|x64.Build.0 = Debug|Any CPU
		{C8CC892D-FFD7-43A5-B374-686AB98249B0}.Debug|x86.ActiveCfg = Debug|Any CPU
		{C8CC892D-FFD7-43A5-B374-686AB98249B0}.Debug|x86.Build.0 = Debug|Any CPU
		{C8CC892D-FFD7-43A5-B374-686AB98249B0}.Release|Any CPU.ActiveCfg = Release|Any CPU
		{C8CC892D-FFD7-43A5-B374-686AB98249B0}.Release|Any CPU.Build.0 = Release|Any CPU
		{C8CC892D-FFD7-43A5-B374-686AB98249B0}.Release|x64.ActiveCfg = Release|Any CPU
		{C8CC892D-FFD7-43A5-B374-686AB98249B0}.Release|x64.Build.0 = Release|Any CPU
		{C8CC892D-FFD7-43A5-B374-686AB98249B0}.Release|x86.ActiveCfg = Release|Any CPU
		{C8CC892D-FFD7-43A5-B374-686AB98249B0}.Release|x86.Build.0 = Release|Any CPU
		{CADDBE23-D28E-4E48-AEAD-D4E8DD0A5AB0}.Debug|Any CPU.ActiveCfg = Debug|Any CPU
		{CADDBE23-D28E-4E48-AEAD-D4E8DD0A5AB0}.Debug|Any CPU.Build.0 = Debug|Any CPU
		{CADDBE23-D28E-4E48-AEAD-D4E8DD0A5AB0}.Debug|x64.ActiveCfg = Debug|Any CPU
		{CADDBE23-D28E-4E48-AEAD-D4E8DD0A5AB0}.Debug|x64.Build.0 = Debug|Any CPU
		{CADDBE23-D28E-4E48-AEAD-D4E8DD0A5AB0}.Debug|x86.ActiveCfg = Debug|Any CPU
		{CADDBE23-D28E-4E48-AEAD-D4E8DD0A5AB0}.Debug|x86.Build.0 = Debug|Any CPU
		{CADDBE23-D28E-4E48-AEAD-D4E8DD0A5AB0}.Release|Any CPU.ActiveCfg = Release|Any CPU
		{CADDBE23-D28E-4E48-AEAD-D4E8DD0A5AB0}.Release|Any CPU.Build.0 = Release|Any CPU
		{CADDBE23-D28E-4E48-AEAD-D4E8DD0A5AB0}.Release|x64.ActiveCfg = Release|Any CPU
		{CADDBE23-D28E-4E48-AEAD-D4E8DD0A5AB0}.Release|x64.Build.0 = Release|Any CPU
		{CADDBE23-D28E-4E48-AEAD-D4E8DD0A5AB0}.Release|x86.ActiveCfg = Release|Any CPU
		{CADDBE23-D28E-4E48-AEAD-D4E8DD0A5AB0}.Release|x86.Build.0 = Release|Any CPU
	EndGlobalSection
	GlobalSection(SolutionProperties) = preSolution
		HideSolutionNode = FALSE
	EndGlobalSection
	GlobalSection(NestedProjects) = preSolution
		{7E9C05D8-308B-4544-B443-95D3095DB01D} = {827E0CD3-B72D-47B6-A68D-7590B98EB39B}
		{0C01EFA2-2C82-0F8D-0FA5-F25AA6182758} = {827E0CD3-B72D-47B6-A68D-7590B98EB39B}
		{C8CC892D-FFD7-43A5-B374-686AB98249B0} = {0C01EFA2-2C82-0F8D-0FA5-F25AA6182758}
		{CADDBE23-D28E-4E48-AEAD-D4E8DD0A5AB0} = {827E0CD3-B72D-47B6-A68D-7590B98EB39B}
	EndGlobalSection
EndGlobal
